
Microsoft Visual Studio Solution File, Format Version 12.00
# Visual Studio 2013
VisualStudioVersion = 12.0.21005.1
MinimumVisualStudioVersion = 10.0.40219.1
Project("{FAE04EC0-301F-11D3-BF4B-00C04F79EFBC}") = "Magic the gathering", "Magic the gathering\Magic the gathering.csproj", "{964B80B4-AABC-4678-BE8E-868E1FF056B1}"
EndProject
Global
	GlobalSection(TeamFoundationVersionControl) = preSolution
		SccNumberOfProjects = 2
		SccEnterpriseProvider = {4CA58AB2-18FA-4F8D-95D4-32DDF27D184C}
		SccTeamFoundationServer = https://antoinefarine.visualstudio.com/defaultcollection
		SccLocalPath0 = .
		SccProjectUniqueName1 = Magic\u0020the\u0020gathering\\Magic\u0020the\u0020gathering.csproj
		SccProjectName1 = Magic\u0020the\u0020gathering
		SccLocalPath1 = Magic\u0020the\u0020gathering
	EndGlobalSection
	GlobalSection(SolutionConfigurationPlatforms) = preSolution
		Debug|Any CPU = Debug|Any CPU
		Debug|ARM = Debug|ARM
		Debug|x64 = Debug|x64
		Debug|x86 = Debug|x86
		Release|Any CPU = Release|Any CPU
		Release|ARM = Release|ARM
		Release|x64 = Release|x64
		Release|x86 = Release|x86
	EndGlobalSection
	GlobalSection(ProjectConfigurationPlatforms) = postSolution
		{964B80B4-AABC-4678-BE8E-868E1FF056B1}.Debug|Any CPU.ActiveCfg = Debug|Any CPU
		{964B80B4-AABC-4678-BE8E-868E1FF056B1}.Debug|Any CPU.Build.0 = Debug|Any CPU
		{964B80B4-AABC-4678-BE8E-868E1FF056B1}.Debug|Any CPU.Deploy.0 = Debug|Any CPU
		{964B80B4-AABC-4678-BE8E-868E1FF056B1}.Debug|ARM.ActiveCfg = Debug|ARM
		{964B80B4-AABC-4678-BE8E-868E1FF056B1}.Debug|ARM.Build.0 = Debug|ARM
		{964B80B4-AABC-4678-BE8E-868E1FF056B1}.Debug|ARM.Deploy.0 = Debug|ARM
		{964B80B4-AABC-4678-BE8E-868E1FF056B1}.Debug|x64.ActiveCfg = Debug|x64
		{964B80B4-AABC-4678-BE8E-868E1FF056B1}.Debug|x64.Build.0 = Debug|x64
		{964B80B4-AABC-4678-BE8E-868E1FF056B1}.Debug|x64.Deploy.0 = Debug|x64
		{964B80B4-AABC-4678-BE8E-868E1FF056B1}.Debug|x86.ActiveCfg = Debug|x86
		{964B80B4-AABC-4678-BE8E-868E1FF056B1}.Debug|x86.Build.0 = Debug|x86
		{964B80B4-AABC-4678-BE8E-868E1FF056B1}.Debug|x86.Deploy.0 = Debug|x86
		{964B80B4-AABC-4678-BE8E-868E1FF056B1}.Release|Any CPU.ActiveCfg = Release|Any CPU
		{964B80B4-AABC-4678-BE8E-868E1FF056B1}.Release|Any CPU.Build.0 = Release|Any CPU
		{964B80B4-AABC-4678-BE8E-868E1FF056B1}.Release|Any CPU.Deploy.0 = Release|Any CPU
		{964B80B4-AABC-4678-BE8E-868E1FF056B1}.Release|ARM.ActiveCfg = Release|ARM
		{964B80B4-AABC-4678-BE8E-868E1FF056B1}.Release|ARM.Build.0 = Release|ARM
		{964B80B4-AABC-4678-BE8E-868E1FF056B1}.Release|ARM.Deploy.0 = Release|ARM
		{964B80B4-AABC-4678-BE8E-868E1FF056B1}.Release|x64.ActiveCfg = Release|x64
		{964B80B4-AABC-4678-BE8E-868E1FF056B1}.Release|x64.Build.0 = Release|x64
		{964B80B4-AABC-4678-BE8E-868E1FF056B1}.Release|x64.Deploy.0 = Release|x64
		{964B80B4-AABC-4678-BE8E-868E1FF056B1}.Release|x86.ActiveCfg = Release|x86
		{964B80B4-AABC-4678-BE8E-868E1FF056B1}.Release|x86.Build.0 = Release|x86
		{964B80B4-AABC-4678-BE8E-868E1FF056B1}.Release|x86.Deploy.0 = Release|x86
	EndGlobalSection
	GlobalSection(SolutionProperties) = preSolution
		HideSolutionNode = FALSE
	EndGlobalSection
EndGlobal
